
Microsoft Visual Studio Solution File, Format Version 12.00
# Visual Studio Version 17
VisualStudioVersion = 17.6.34902.100
MinimumVisualStudioVersion = 10.0.40219.1
Project("{8BC9CEB8-8B4A-11D0-8D11-00A0C91BC942}") = "unsaintedWinApp", "unsaintedWinApp.vcxproj", "{A7CD166A-6E38-4A0F-83BE-32437CB66EA2}"
EndProject
Project("{8BC9CEB8-8B4A-11D0-8D11-00A0C91BC942}") = "UnsaintedControls", "..\UnsaintedControls\UnsaintedControls.vcxproj", "{8579D5B2-B67A-476E-AF58-08B618DA35CA}"
EndProject
Project("{8BC9CEB8-8B4A-11D0-8D11-00A0C91BC942}") = "Project1", "..\Project1\Project1.vcxproj", "{D6A9497F-2996-4769-BC3B-D5A8E96FCD92}"
EndProject
Global
	GlobalSection(SolutionConfigurationPlatforms) = preSolution
		Debug|x64 = Debug|x64
		Debug|x86 = Debug|x86
		Release|x64 = Release|x64
		Release|x86 = Release|x86
	EndGlobalSection
	GlobalSection(ProjectConfigurationPlatforms) = postSolution
		{A7CD166A-6E38-4A0F-83BE-32437CB66EA2}.Debug|x64.ActiveCfg = Debug|x64
		{A7CD166A-6E38-4A0F-83BE-32437CB66EA2}.Debug|x64.Build.0 = Debug|x64
		{A7CD166A-6E38-4A0F-83BE-32437CB66EA2}.Debug|x86.ActiveCfg = Debug|Win32
		{A7CD166A-6E38-4A0F-83BE-32437CB66EA2}.Debug|x86.Build.0 = Debug|Win32
		{A7CD166A-6E38-4A0F-83BE-32437CB66EA2}.Release|x64.ActiveCfg = Release|x64
		{A7CD166A-6E38-4A0F-83BE-32437CB66EA2}.Release|x64.Build.0 = Release|x64
		{A7CD166A-6E38-4A0F-83BE-32437CB66EA2}.Release|x86.ActiveCfg = Release|Win32
		{A7CD166A-6E38-4A0F-83BE-32437CB66EA2}.Release|x86.Build.0 = Release|Win32
		{8579D5B2-B67A-476E-AF58-08B618DA35CA}.Debug|x64.ActiveCfg = Debug|x64
		{8579D5B2-B67A-476E-AF58-08B618DA35CA}.Debug|x64.Build.0 = Debug|x64
		{8579D5B2-B67A-476E-AF58-08B618DA35CA}.Debug|x86.ActiveCfg = Debug|Win32
		{8579D5B2-B67A-476E-AF58-08B618DA35CA}.Debug|x86.Build.0 = Debug|Win32
		{8579D5B2-B67A-476E-AF58-08B618DA35CA}.Release|x64.ActiveCfg = Release|x64
		{8579D5B2-B67A-476E-AF58-08B618DA35CA}.Release|x64.Build.0 = Release|x64
		{8579D5B2-B67A-476E-AF58-08B618DA35CA}.Release|x86.ActiveCfg = Release|Win32
		{8579D5B2-B67A-476E-AF58-08B618DA35CA}.Release|x86.Build.0 = Release|Win32
		{D6A9497F-2996-4769-BC3B-D5A8E96FCD92}.Debug|x64.ActiveCfg = Debug|x64
		{D6A9497F-2996-4769-BC3B-D5A8E96FCD92}.Debug|x64.Build.0 = Debug|x64
		{D6A9497F-2996-4769-BC3B-D5A8E96FCD92}.Debug|x86.ActiveCfg = Debug|Win32
		{D6A9497F-2996-4769-BC3B-D5A8E96FCD92}.Debug|x86.Build.0 = Debug|Win32
		{D6A9497F-2996-4769-BC3B-D5A8E96FCD92}.Release|x64.ActiveCfg = Release|x64
		{D6A9497F-2996-4769-BC3B-D5A8E96FCD92}.Release|x64.Build.0 = Release|x64
		{D6A9497F-2996-4769-BC3B-D5A8E96FCD92}.Release|x86.ActiveCfg = Release|Win32
		{D6A9497F-2996-4769-BC3B-D5A8E96FCD92}.Release|x86.Build.0 = Release|Win32
	EndGlobalSection
	GlobalSection(SolutionProperties) = preSolution
		HideSolutionNode = FALSE
	EndGlobalSection
	GlobalSection(ExtensibilityGlobals) = postSolution
		SolutionGuid = {A07C2881-3AFE-4CEA-92AA-201114BC012C}
	EndGlobalSection
EndGlobal
